
Microsoft Visual Studio Solution File, Format Version 12.00
Project("{FAE04EC0-301F-11D3-BF4B-00C04F79EFBC}") = "OrpiLibrary", "OrpiLibrary\OrpiLibrary.csproj", "{920C6943-B1E8-42E0-90BC-3085E439DED4}"
EndProject
Project("{FAE04EC0-301F-11D3-BF4B-00C04F79EFBC}") = "AuthenticationService", "AuthenticationService\AuthenticationService.csproj", "{CDE34E61-13E1-42A9-A814-76782710C94B}"
EndProject
Project("{FAE04EC0-301F-11D3-BF4B-00C04F79EFBC}") = "infrastructure-service", "infrastructure-service\infrastructure-service.csproj", "{449DECC1-45B3-4D33-B433-7265CAD7D3AB}"
EndProject
Project("{FAE04EC0-301F-11D3-BF4B-00C04F79EFBC}") = "coordinator-service", "coordinator-service\coordinator-service.csproj", "{2EFF78A3-DA7A-4418-9BF4-BEC59178520C}"
EndProject
Project("{FAE04EC0-301F-11D3-BF4B-00C04F79EFBC}") = "DockerModule", "DockerModule\DockerModule.csproj", "{53ADB82F-93EC-46D3-B5EB-C4761C31D0A3}"
EndProject
Global
	GlobalSection(SolutionConfigurationPlatforms) = preSolution
		Debug|Any CPU = Debug|Any CPU
		Release|Any CPU = Release|Any CPU
	EndGlobalSection
	GlobalSection(ProjectConfigurationPlatforms) = postSolution
		{920C6943-B1E8-42E0-90BC-3085E439DED4}.Debug|Any CPU.ActiveCfg = Debug|Any CPU
		{920C6943-B1E8-42E0-90BC-3085E439DED4}.Debug|Any CPU.Build.0 = Debug|Any CPU
		{920C6943-B1E8-42E0-90BC-3085E439DED4}.Release|Any CPU.ActiveCfg = Release|Any CPU
		{920C6943-B1E8-42E0-90BC-3085E439DED4}.Release|Any CPU.Build.0 = Release|Any CPU
		{CDE34E61-13E1-42A9-A814-76782710C94B}.Debug|Any CPU.ActiveCfg = Debug|Any CPU
		{CDE34E61-13E1-42A9-A814-76782710C94B}.Debug|Any CPU.Build.0 = Debug|Any CPU
		{CDE34E61-13E1-42A9-A814-76782710C94B}.Release|Any CPU.ActiveCfg = Release|Any CPU
		{CDE34E61-13E1-42A9-A814-76782710C94B}.Release|Any CPU.Build.0 = Release|Any CPU
		{449DECC1-45B3-4D33-B433-7265CAD7D3AB}.Debug|Any CPU.ActiveCfg = Debug|Any CPU
								{449DECC1-45B3-4D33-B433-7265CAD7D3AB}.Debug|Any CPU.Build.0 = Debug|Any CPU
								{449DECC1-45B3-4D33-B433-7265CAD7D3AB}.Release|Any CPU.ActiveCfg = Release|Any CPU
								{449DECC1-45B3-4D33-B433-7265CAD7D3AB}.Release|Any CPU.Build.0 = Release|Any CPU
		{2EFF78A3-DA7A-4418-9BF4-BEC59178520C}.Debug|Any CPU.ActiveCfg = Debug|Any CPU
		{2EFF78A3-DA7A-4418-9BF4-BEC59178520C}.Debug|Any CPU.Build.0 = Debug|Any CPU
		{2EFF78A3-DA7A-4418-9BF4-BEC59178520C}.Release|Any CPU.ActiveCfg = Release|Any CPU
		{2EFF78A3-DA7A-4418-9BF4-BEC59178520C}.Release|Any CPU.Build.0 = Release|Any CPU
		{53ADB82F-93EC-46D3-B5EB-C4761C31D0A3}.Debug|Any CPU.ActiveCfg = Debug|Any CPU
		{53ADB82F-93EC-46D3-B5EB-C4761C31D0A3}.Debug|Any CPU.Build.0 = Debug|Any CPU
		{53ADB82F-93EC-46D3-B5EB-C4761C31D0A3}.Release|Any CPU.ActiveCfg = Release|Any CPU
		{53ADB82F-93EC-46D3-B5EB-C4761C31D0A3}.Release|Any CPU.Build.0 = Release|Any CPU
	EndGlobalSection
EndGlobal
